
Microsoft Visual Studio Solution File, Format Version 12.00
# Visual Studio 15
VisualStudioVersion = 15.0.28307.852
MinimumVisualStudioVersion = 10.0.40219.1
Project("{E24C65DC-7377-472B-9ABA-BC803B73C61A}") = "484_Project", "484_Project\", "{AEBEF166-58EA-4444-9170-A9727C1228AD}"
	ProjectSection(WebsiteProperties) = preProject
		TargetFrameworkMoniker = ".NETFramework,Version%3Dv4.6.1"
		Debug.AspNetCompiler.VirtualPath = "/localhost_55175"
		Debug.AspNetCompiler.PhysicalPath = "484_Project\"
		Debug.AspNetCompiler.TargetPath = "PrecompiledWeb\localhost_55175\"
		Debug.AspNetCompiler.Updateable = "true"
		Debug.AspNetCompiler.ForceOverwrite = "true"
		Debug.AspNetCompiler.FixedNames = "false"
		Debug.AspNetCompiler.Debug = "True"
		Release.AspNetCompiler.VirtualPath = "/localhost_55175"
		Release.AspNetCompiler.PhysicalPath = "484_Project\"
		Release.AspNetCompiler.TargetPath = "PrecompiledWeb\localhost_55175\"
		Release.AspNetCompiler.Updateable = "true"
		Release.AspNetCompiler.ForceOverwrite = "true"
		Release.AspNetCompiler.FixedNames = "false"
		Release.AspNetCompiler.Debug = "False"
		VWDPort = "55175"
		SlnRelativePath = "484_Project\"
		DefaultWebSiteLanguage = "Visual C#"
	EndProjectSection
EndProject
Global
	GlobalSection(SolutionConfigurationPlatforms) = preSolution
		Debug|Any CPU = Debug|Any CPU
	EndGlobalSection
	GlobalSection(ProjectConfigurationPlatforms) = postSolution
		{AEBEF166-58EA-4444-9170-A9727C1228AD}.Debug|Any CPU.ActiveCfg = Debug|Any CPU
		{AEBEF166-58EA-4444-9170-A9727C1228AD}.Debug|Any CPU.Build.0 = Debug|Any CPU
	EndGlobalSection
	GlobalSection(SolutionProperties) = preSolution
		HideSolutionNode = FALSE
	EndGlobalSection
	GlobalSection(ExtensibilityGlobals) = postSolution
		SolutionGuid = {73E75586-3948-4A14-B247-427A81091828}
	EndGlobalSection
EndGlobal
